
Microsoft Visual Studio Solution File, Format Version 12.00
# Visual Studio Version 16
VisualStudioVersion = 16.0.30611.23
MinimumVisualStudioVersion = 10.0.40219.1
Project("{FAE04EC0-301F-11D3-BF4B-00C04F79EFBC}") = "image_and _sound_project", "image_and _sound_project.csproj", "{19F59EAB-6234-482D-80F3-CEE7BDDC855E}"
EndProject
Global
	GlobalSection(SolutionConfigurationPlatforms) = preSolution
		Debug|Any CPU = Debug|Any CPU
		Release|Any CPU = Release|Any CPU
	EndGlobalSection
	GlobalSection(ProjectConfigurationPlatforms) = postSolution
		{19F59EAB-6234-482D-80F3-CEE7BDDC855E}.Debug|Any CPU.ActiveCfg = Debug|Any CPU
		{19F59EAB-6234-482D-80F3-CEE7BDDC855E}.Debug|Any CPU.Build.0 = Debug|Any CPU
		{19F59EAB-6234-482D-80F3-CEE7BDDC855E}.Release|Any CPU.ActiveCfg = Release|Any CPU
		{19F59EAB-6234-482D-80F3-CEE7BDDC855E}.Release|Any CPU.Build.0 = Release|Any CPU
	EndGlobalSection
	GlobalSection(SolutionProperties) = preSolution
		HideSolutionNode = FALSE
	EndGlobalSection
	GlobalSection(ExtensibilityGlobals) = postSolution
		SolutionGuid = {013D189C-3281-4D99-B6D0-84798E484CCF}
	EndGlobalSection
EndGlobal
